
Microsoft Visual Studio Solution File, Format Version 12.00
# Visual Studio Version 17
VisualStudioVersion = 17.5.002.0
MinimumVisualStudioVersion = 10.0.40219.1
Project("{9A19103F-16F7-4668-BE54-9A1E7A4F7556}") = "DesafioPOO", "DesafioPOO.csproj", "{5D84972F-995C-401C-9771-47F1D4B36D03}"
EndProject
Global
	GlobalSection(SolutionConfigurationPlatforms) = preSolution
		Debug|Any CPU = Debug|Any CPU
		Release|Any CPU = Release|Any CPU
	EndGlobalSection
	GlobalSection(ProjectConfigurationPlatforms) = postSolution
		{5D84972F-995C-401C-9771-47F1D4B36D03}.Debug|Any CPU.ActiveCfg = Debug|Any CPU
		{5D84972F-995C-401C-9771-47F1D4B36D03}.Debug|Any CPU.Build.0 = Debug|Any CPU
		{5D84972F-995C-401C-9771-47F1D4B36D03}.Release|Any CPU.ActiveCfg = Release|Any CPU
		{5D84972F-995C-401C-9771-47F1D4B36D03}.Release|Any CPU.Build.0 = Release|Any CPU
	EndGlobalSection
	GlobalSection(SolutionProperties) = preSolution
		HideSolutionNode = FALSE
	EndGlobalSection
	GlobalSection(ExtensibilityGlobals) = postSolution
		SolutionGuid = {6CC6DCCB-23B0-45C4-BD61-4BC2554F3D55}
	EndGlobalSection
EndGlobal
